
Microsoft Visual Studio Solution File, Format Version 12.00
# Visual Studio 15
VisualStudioVersion = 15.0.27703.2042
MinimumVisualStudioVersion = 10.0.40219.1
Project("{FAE04EC0-301F-11D3-BF4B-00C04F79EFBC}") = "HIDScanner.Android", "HIDScanner\HIDScanner.Android\HIDScanner.Android.csproj", "{F0B9BB97-1936-4132-802F-91C159596ED1}"
EndProject
Project("{FAE04EC0-301F-11D3-BF4B-00C04F79EFBC}") = "HIDScanner.iOS", "HIDScanner\HIDScanner.iOS\HIDScanner.iOS.csproj", "{E1CED0D7-67E9-4CA8-9730-260DBDDD725F}"
EndProject
Project("{FAE04EC0-301F-11D3-BF4B-00C04F79EFBC}") = "HIDScanner.UWP", "HIDScanner\HIDScanner.UWP\HIDScanner.UWP.csproj", "{E4EA27CD-1FD0-4F6C-AEDF-B17C1CDE58BC}"
EndProject
Project("{FAE04EC0-301F-11D3-BF4B-00C04F79EFBC}") = "HIDScanner", "HIDScanner\HIDScanner\HIDScanner.csproj", "{7780661E-7DBF-48EC-BB65-F5FEE420F8EC}"
EndProject
Global
	GlobalSection(SolutionConfigurationPlatforms) = preSolution
		Ad-Hoc|Any CPU = Ad-Hoc|Any CPU
		Ad-Hoc|ARM = Ad-Hoc|ARM
		Ad-Hoc|iPhone = Ad-Hoc|iPhone
		Ad-Hoc|iPhoneSimulator = Ad-Hoc|iPhoneSimulator
		Ad-Hoc|x64 = Ad-Hoc|x64
		Ad-Hoc|x86 = Ad-Hoc|x86
		AppStore|Any CPU = AppStore|Any CPU
		AppStore|ARM = AppStore|ARM
		AppStore|iPhone = AppStore|iPhone
		AppStore|iPhoneSimulator = AppStore|iPhoneSimulator
		AppStore|x64 = AppStore|x64
		AppStore|x86 = AppStore|x86
		Debug|Any CPU = Debug|Any CPU
		Debug|ARM = Debug|ARM
		Debug|iPhone = Debug|iPhone
		Debug|iPhoneSimulator = Debug|iPhoneSimulator
		Debug|x64 = Debug|x64
		Debug|x86 = Debug|x86
		Release|Any CPU = Release|Any CPU
		Release|ARM = Release|ARM
		Release|iPhone = Release|iPhone
		Release|iPhoneSimulator = Release|iPhoneSimulator
		Release|x64 = Release|x64
		Release|x86 = Release|x86
	EndGlobalSection
	GlobalSection(ProjectConfigurationPlatforms) = postSolution
		{F0B9BB97-1936-4132-802F-91C159596ED1}.Ad-Hoc|Any CPU.ActiveCfg = Release|Any CPU
		{F0B9BB97-1936-4132-802F-91C159596ED1}.Ad-Hoc|Any CPU.Build.0 = Release|Any CPU
		{F0B9BB97-1936-4132-802F-91C159596ED1}.Ad-Hoc|Any CPU.Deploy.0 = Release|Any CPU
		{F0B9BB97-1936-4132-802F-91C159596ED1}.Ad-Hoc|ARM.ActiveCfg = Release|Any CPU
		{F0B9BB97-1936-4132-802F-91C159596ED1}.Ad-Hoc|ARM.Build.0 = Release|Any CPU
		{F0B9BB97-1936-4132-802F-91C159596ED1}.Ad-Hoc|ARM.Deploy.0 = Release|Any CPU
		{F0B9BB97-1936-4132-802F-91C159596ED1}.Ad-Hoc|iPhone.ActiveCfg = Release|Any CPU
		{F0B9BB97-1936-4132-802F-91C159596ED1}.Ad-Hoc|iPhone.Build.0 = Release|Any CPU
		{F0B9BB97-1936-4132-802F-91C159596ED1}.Ad-Hoc|iPhone.Deploy.0 = Release|Any CPU
		{F0B9BB97-1936-4132-802F-91C159596ED1}.Ad-Hoc|iPhoneSimulator.ActiveCfg = Release|Any CPU
		{F0B9BB97-1936-4132-802F-91C159596ED1}.Ad-Hoc|iPhoneSimulator.Build.0 = Release|Any CPU
		{F0B9BB97-1936-4132-802F-91C159596ED1}.Ad-Hoc|iPhoneSimulator.Deploy.0 = Release|Any CPU
		{F0B9BB97-1936-4132-802F-91C159596ED1}.Ad-Hoc|x64.ActiveCfg = Release|Any CPU
		{F0B9BB97-1936-4132-802F-91C159596ED1}.Ad-Hoc|x64.Build.0 = Release|Any CPU
		{F0B9BB97-1936-4132-802F-91C159596ED1}.Ad-Hoc|x64.Deploy.0 = Release|Any CPU
		{F0B9BB97-1936-4132-802F-91C159596ED1}.Ad-Hoc|x86.ActiveCfg = Release|Any CPU
		{F0B9BB97-1936-4132-802F-91C159596ED1}.Ad-Hoc|x86.Build.0 = Release|Any CPU
		{F0B9BB97-1936-4132-802F-91C159596ED1}.Ad-Hoc|x86.Deploy.0 = Release|Any CPU
		{F0B9BB97-1936-4132-802F-91C159596ED1}.AppStore|Any CPU.ActiveCfg = Release|Any CPU
		{F0B9BB97-1936-4132-802F-91C159596ED1}.AppStore|Any CPU.Build.0 = Release|Any CPU
		{F0B9BB97-1936-4132-802F-91C159596ED1}.AppStore|Any CPU.Deploy.0 = Release|Any CPU
		{F0B9BB97-1936-4132-802F-91C159596ED1}.AppStore|ARM.ActiveCfg = Release|Any CPU
		{F0B9BB97-1936-4132-802F-91C159596ED1}.AppStore|ARM.Build.0 = Release|Any CPU
		{F0B9BB97-1936-4132-802F-91C159596ED1}.AppStore|ARM.Deploy.0 = Release|Any CPU
		{F0B9BB97-1936-4132-802F-91C159596ED1}.AppStore|iPhone.ActiveCfg = Release|Any CPU
		{F0B9BB97-1936-4132-802F-91C159596ED1}.AppStore|iPhone.Build.0 = Release|Any CPU
		{F0B9BB97-1936-4132-802F-91C159596ED1}.AppStore|iPhone.Deploy.0 = Release|Any CPU
		{F0B9BB97-1936-4132-802F-91C159596ED1}.AppStore|iPhoneSimulator.ActiveCfg = Release|Any CPU
		{F0B9BB97-1936-4132-802F-91C159596ED1}.AppStore|iPhoneSimulator.Build.0 = Release|Any CPU
		{F0B9BB97-1936-4132-802F-91C159596ED1}.AppStore|iPhoneSimulator.Deploy.0 = Release|Any CPU
		{F0B9BB97-1936-4132-802F-91C159596ED1}.AppStore|x64.ActiveCfg = Release|Any CPU
		{F0B9BB97-1936-4132-802F-91C159596ED1}.AppStore|x64.Build.0 = Release|Any CPU
		{F0B9BB97-1936-4132-802F-91C159596ED1}.AppStore|x64.Deploy.0 = Release|Any CPU
		{F0B9BB97-1936-4132-802F-91C159596ED1}.AppStore|x86.ActiveCfg = Release|Any CPU
		{F0B9BB97-1936-4132-802F-91C159596ED1}.AppStore|x86.Build.0 = Release|Any CPU
		{F0B9BB97-1936-4132-802F-91C159596ED1}.AppStore|x86.Deploy.0 = Release|Any CPU
		{F0B9BB97-1936-4132-802F-91C159596ED1}.Debug|Any CPU.ActiveCfg = Debug|Any CPU
		{F0B9BB97-1936-4132-802F-91C159596ED1}.Debug|Any CPU.Build.0 = Debug|Any CPU
		{F0B9BB97-1936-4132-802F-91C159596ED1}.Debug|Any CPU.Deploy.0 = Debug|Any CPU
		{F0B9BB97-1936-4132-802F-91C159596ED1}.Debug|ARM.ActiveCfg = Debug|Any CPU
		{F0B9BB97-1936-4132-802F-91C159596ED1}.Debug|ARM.Build.0 = Debug|Any CPU
		{F0B9BB97-1936-4132-802F-91C159596ED1}.Debug|ARM.Deploy.0 = Debug|Any CPU
		{F0B9BB97-1936-4132-802F-91C159596ED1}.Debug|iPhone.ActiveCfg = Debug|Any CPU
		{F0B9BB97-1936-4132-802F-91C159596ED1}.Debug|iPhone.Build.0 = Debug|Any CPU
		{F0B9BB97-1936-4132-802F-91C159596ED1}.Debug|iPhone.Deploy.0 = Debug|Any CPU
		{F0B9BB97-1936-4132-802F-91C159596ED1}.Debug|iPhoneSimulator.ActiveCfg = Debug|Any CPU
		{F0B9BB97-1936-4132-802F-91C159596ED1}.Debug|iPhoneSimulator.Build.0 = Debug|Any CPU
		{F0B9BB97-1936-4132-802F-91C159596ED1}.Debug|iPhoneSimulator.Deploy.0 = Debug|Any CPU
		{F0B9BB97-1936-4132-802F-91C159596ED1}.Debug|x64.ActiveCfg = Debug|Any CPU
		{F0B9BB97-1936-4132-802F-91C159596ED1}.Debug|x64.Build.0 = Debug|Any CPU
		{F0B9BB97-1936-4132-802F-91C159596ED1}.Debug|x64.Deploy.0 = Debug|Any CPU
		{F0B9BB97-1936-4132-802F-91C159596ED1}.Debug|x86.ActiveCfg = Debug|Any CPU
		{F0B9BB97-1936-4132-802F-91C159596ED1}.Debug|x86.Build.0 = Debug|Any CPU
		{F0B9BB97-1936-4132-802F-91C159596ED1}.Debug|x86.Deploy.0 = Debug|Any CPU
		{F0B9BB97-1936-4132-802F-91C159596ED1}.Release|Any CPU.ActiveCfg = Release|Any CPU
		{F0B9BB97-1936-4132-802F-91C159596ED1}.Release|Any CPU.Build.0 = Release|Any CPU
		{F0B9BB97-1936-4132-802F-91C159596ED1}.Release|Any CPU.Deploy.0 = Release|Any CPU
		{F0B9BB97-1936-4132-802F-91C159596ED1}.Release|ARM.ActiveCfg = Release|Any CPU
		{F0B9BB97-1936-4132-802F-91C159596ED1}.Release|ARM.Build.0 = Release|Any CPU
		{F0B9BB97-1936-4132-802F-91C159596ED1}.Release|ARM.Deploy.0 = Release|Any CPU
		{F0B9BB97-1936-4132-802F-91C159596ED1}.Release|iPhone.ActiveCfg = Release|Any CPU
		{F0B9BB97-1936-4132-802F-91C159596ED1}.Release|iPhone.Build.0 = Release|Any CPU
		{F0B9BB97-1936-4132-802F-91C159596ED1}.Release|iPhone.Deploy.0 = Release|Any CPU
		{F0B9BB97-1936-4132-802F-91C159596ED1}.Release|iPhoneSimulator.ActiveCfg = Release|Any CPU
		{F0B9BB97-1936-4132-802F-91C159596ED1}.Release|iPhoneSimulator.Build.0 = Release|Any CPU
		{F0B9BB97-1936-4132-802F-91C159596ED1}.Release|iPhoneSimulator.Deploy.0 = Release|Any CPU
		{F0B9BB97-1936-4132-802F-91C159596ED1}.Release|x64.ActiveCfg = Release|Any CPU
		{F0B9BB97-1936-4132-802F-91C159596ED1}.Release|x64.Build.0 = Release|Any CPU
		{F0B9BB97-1936-4132-802F-91C159596ED1}.Release|x64.Deploy.0 = Release|Any CPU
		{F0B9BB97-1936-4132-802F-91C159596ED1}.Release|x86.ActiveCfg = Release|Any CPU
		{F0B9BB97-1936-4132-802F-91C159596ED1}.Release|x86.Build.0 = Release|Any CPU
		{F0B9BB97-1936-4132-802F-91C159596ED1}.Release|x86.Deploy.0 = Release|Any CPU
		{E1CED0D7-67E9-4CA8-9730-260DBDDD725F}.Ad-Hoc|Any CPU.ActiveCfg = Ad-Hoc|iPhone
		{E1CED0D7-67E9-4CA8-9730-260DBDDD725F}.Ad-Hoc|Any CPU.Build.0 = Ad-Hoc|iPhone
		{E1CED0D7-67E9-4CA8-9730-260DBDDD725F}.Ad-Hoc|Any CPU.Deploy.0 = Ad-Hoc|iPhone
		{E1CED0D7-67E9-4CA8-9730-260DBDDD725F}.Ad-Hoc|ARM.ActiveCfg = Ad-Hoc|iPhone
		{E1CED0D7-67E9-4CA8-9730-260DBDDD725F}.Ad-Hoc|ARM.Build.0 = Ad-Hoc|iPhone
		{E1CED0D7-67E9-4CA8-9730-260DBDDD725F}.Ad-Hoc|ARM.Deploy.0 = Ad-Hoc|iPhone
		{E1CED0D7-67E9-4CA8-9730-260DBDDD725F}.Ad-Hoc|iPhone.ActiveCfg = Ad-Hoc|iPhone
		{E1CED0D7-67E9-4CA8-9730-260DBDDD725F}.Ad-Hoc|iPhone.Build.0 = Ad-Hoc|iPhone
		{E1CED0D7-67E9-4CA8-9730-260DBDDD725F}.Ad-Hoc|iPhone.Deploy.0 = Ad-Hoc|iPhone
		{E1CED0D7-67E9-4CA8-9730-260DBDDD725F}.Ad-Hoc|iPhoneSimulator.ActiveCfg = Ad-Hoc|iPhoneSimulator
		{E1CED0D7-67E9-4CA8-9730-260DBDDD725F}.Ad-Hoc|iPhoneSimulator.Build.0 = Ad-Hoc|iPhoneSimulator
		{E1CED0D7-67E9-4CA8-9730-260DBDDD725F}.Ad-Hoc|iPhoneSimulator.Deploy.0 = Ad-Hoc|iPhoneSimulator
		{E1CED0D7-67E9-4CA8-9730-260DBDDD725F}.Ad-Hoc|x64.ActiveCfg = Ad-Hoc|iPhone
		{E1CED0D7-67E9-4CA8-9730-260DBDDD725F}.Ad-Hoc|x64.Build.0 = Ad-Hoc|iPhone
		{E1CED0D7-67E9-4CA8-9730-260DBDDD725F}.Ad-Hoc|x64.Deploy.0 = Ad-Hoc|iPhone
		{E1CED0D7-67E9-4CA8-9730-260DBDDD725F}.Ad-Hoc|x86.ActiveCfg = Ad-Hoc|iPhone
		{E1CED0D7-67E9-4CA8-9730-260DBDDD725F}.Ad-Hoc|x86.Build.0 = Ad-Hoc|iPhone
		{E1CED0D7-67E9-4CA8-9730-260DBDDD725F}.Ad-Hoc|x86.Deploy.0 = Ad-Hoc|iPhone
		{E1CED0D7-67E9-4CA8-9730-260DBDDD725F}.AppStore|Any CPU.ActiveCfg = AppStore|iPhone
		{E1CED0D7-67E9-4CA8-9730-260DBDDD725F}.AppStore|Any CPU.Build.0 = AppStore|iPhone
		{E1CED0D7-67E9-4CA8-9730-260DBDDD725F}.AppStore|Any CPU.Deploy.0 = AppStore|iPhone
		{E1CED0D7-67E9-4CA8-9730-260DBDDD725F}.AppStore|ARM.ActiveCfg = AppStore|iPhone
		{E1CED0D7-67E9-4CA8-9730-260DBDDD725F}.AppStore|ARM.Build.0 = AppStore|iPhone
		{E1CED0D7-67E9-4CA8-9730-260DBDDD725F}.AppStore|ARM.Deploy.0 = AppStore|iPhone
		{E1CED0D7-67E9-4CA8-9730-260DBDDD725F}.AppStore|iPhone.ActiveCfg = AppStore|iPhone
		{E1CED0D7-67E9-4CA8-9730-260DBDDD725F}.AppStore|iPhone.Build.0 = AppStore|iPhone
		{E1CED0D7-67E9-4CA8-9730-260DBDDD725F}.AppStore|iPhone.Deploy.0 = AppStore|iPhone
		{E1CED0D7-67E9-4CA8-9730-260DBDDD725F}.AppStore|iPhoneSimulator.ActiveCfg = AppStore|iPhoneSimulator
		{E1CED0D7-67E9-4CA8-9730-260DBDDD725F}.AppStore|iPhoneSimulator.Build.0 = AppStore|iPhoneSimulator
		{E1CED0D7-67E9-4CA8-9730-260DBDDD725F}.AppStore|iPhoneSimulator.Deploy.0 = AppStore|iPhoneSimulator
		{E1CED0D7-67E9-4CA8-9730-260DBDDD725F}.AppStore|x64.ActiveCfg = AppStore|iPhone
		{E1CED0D7-67E9-4CA8-9730-260DBDDD725F}.AppStore|x64.Build.0 = AppStore|iPhone
		{E1CED0D7-67E9-4CA8-9730-260DBDDD725F}.AppStore|x64.Deploy.0 = AppStore|iPhone
		{E1CED0D7-67E9-4CA8-9730-260DBDDD725F}.AppStore|x86.ActiveCfg = AppStore|iPhone
		{E1CED0D7-67E9-4CA8-9730-260DBDDD725F}.AppStore|x86.Build.0 = AppStore|iPhone
		{E1CED0D7-67E9-4CA8-9730-260DBDDD725F}.AppStore|x86.Deploy.0 = AppStore|iPhone
		{E1CED0D7-67E9-4CA8-9730-260DBDDD725F}.Debug|Any CPU.ActiveCfg = Debug|iPhone
		{E1CED0D7-67E9-4CA8-9730-260DBDDD725F}.Debug|Any CPU.Build.0 = Debug|iPhone
		{E1CED0D7-67E9-4CA8-9730-260DBDDD725F}.Debug|Any CPU.Deploy.0 = Debug|iPhone
		{E1CED0D7-67E9-4CA8-9730-260DBDDD725F}.Debug|ARM.ActiveCfg = Debug|iPhone
		{E1CED0D7-67E9-4CA8-9730-260DBDDD725F}.Debug|ARM.Build.0 = Debug|iPhone
		{E1CED0D7-67E9-4CA8-9730-260DBDDD725F}.Debug|ARM.Deploy.0 = Debug|iPhone
		{E1CED0D7-67E9-4CA8-9730-260DBDDD725F}.Debug|iPhone.ActiveCfg = Debug|iPhone
		{E1CED0D7-67E9-4CA8-9730-260DBDDD725F}.Debug|iPhone.Build.0 = Debug|iPhone
		{E1CED0D7-67E9-4CA8-9730-260DBDDD725F}.Debug|iPhone.Deploy.0 = Debug|iPhone
		{E1CED0D7-67E9-4CA8-9730-260DBDDD725F}.Debug|iPhoneSimulator.ActiveCfg = Debug|iPhoneSimulator
		{E1CED0D7-67E9-4CA8-9730-260DBDDD725F}.Debug|iPhoneSimulator.Build.0 = Debug|iPhoneSimulator
		{E1CED0D7-67E9-4CA8-9730-260DBDDD725F}.Debug|iPhoneSimulator.Deploy.0 = Debug|iPhoneSimulator
		{E1CED0D7-67E9-4CA8-9730-260DBDDD725F}.Debug|x64.ActiveCfg = Debug|iPhone
		{E1CED0D7-67E9-4CA8-9730-260DBDDD725F}.Debug|x64.Build.0 = Debug|iPhone
		{E1CED0D7-67E9-4CA8-9730-260DBDDD725F}.Debug|x64.Deploy.0 = Debug|iPhone
		{E1CED0D7-67E9-4CA8-9730-260DBDDD725F}.Debug|x86.ActiveCfg = Debug|iPhone
		{E1CED0D7-67E9-4CA8-9730-260DBDDD725F}.Debug|x86.Build.0 = Debug|iPhone
		{E1CED0D7-67E9-4CA8-9730-260DBDDD725F}.Debug|x86.Deploy.0 = Debug|iPhone
		{E1CED0D7-67E9-4CA8-9730-260DBDDD725F}.Release|Any CPU.ActiveCfg = Release|iPhone
		{E1CED0D7-67E9-4CA8-9730-260DBDDD725F}.Release|Any CPU.Build.0 = Release|iPhone
		{E1CED0D7-67E9-4CA8-9730-260DBDDD725F}.Release|Any CPU.Deploy.0 = Release|iPhone
		{E1CED0D7-67E9-4CA8-9730-260DBDDD725F}.Release|ARM.ActiveCfg = Release|iPhone
		{E1CED0D7-67E9-4CA8-9730-260DBDDD725F}.Release|ARM.Build.0 = Release|iPhone
		{E1CED0D7-67E9-4CA8-9730-260DBDDD725F}.Release|ARM.Deploy.0 = Release|iPhone
		{E1CED0D7-67E9-4CA8-9730-260DBDDD725F}.Release|iPhone.ActiveCfg = Release|iPhone
		{E1CED0D7-67E9-4CA8-9730-260DBDDD725F}.Release|iPhone.Build.0 = Release|iPhone
		{E1CED0D7-67E9-4CA8-9730-260DBDDD725F}.Release|iPhone.Deploy.0 = Release|iPhone
		{E1CED0D7-67E9-4CA8-9730-260DBDDD725F}.Release|iPhoneSimulator.ActiveCfg = Release|iPhoneSimulator
		{E1CED0D7-67E9-4CA8-9730-260DBDDD725F}.Release|iPhoneSimulator.Build.0 = Release|iPhoneSimulator
		{E1CED0D7-67E9-4CA8-9730-260DBDDD725F}.Release|iPhoneSimulator.Deploy.0 = Release|iPhoneSimulator
		{E1CED0D7-67E9-4CA8-9730-260DBDDD725F}.Release|x64.ActiveCfg = Release|iPhone
		{E1CED0D7-67E9-4CA8-9730-260DBDDD725F}.Release|x64.Build.0 = Release|iPhone
		{E1CED0D7-67E9-4CA8-9730-260DBDDD725F}.Release|x64.Deploy.0 = Release|iPhone
		{E1CED0D7-67E9-4CA8-9730-260DBDDD725F}.Release|x86.ActiveCfg = Release|iPhone
		{E1CED0D7-67E9-4CA8-9730-260DBDDD725F}.Release|x86.Build.0 = Release|iPhone
		{E1CED0D7-67E9-4CA8-9730-260DBDDD725F}.Release|x86.Deploy.0 = Release|iPhone
		{E4EA27CD-1FD0-4F6C-AEDF-B17C1CDE58BC}.Ad-Hoc|Any CPU.ActiveCfg = Release|x86
		{E4EA27CD-1FD0-4F6C-AEDF-B17C1CDE58BC}.Ad-Hoc|Any CPU.Build.0 = Release|x86
		{E4EA27CD-1FD0-4F6C-AEDF-B17C1CDE58BC}.Ad-Hoc|Any CPU.Deploy.0 = Release|x86
		{E4EA27CD-1FD0-4F6C-AEDF-B17C1CDE58BC}.Ad-Hoc|ARM.ActiveCfg = Release|ARM
		{E4EA27CD-1FD0-4F6C-AEDF-B17C1CDE58BC}.Ad-Hoc|ARM.Build.0 = Release|ARM
		{E4EA27CD-1FD0-4F6C-AEDF-B17C1CDE58BC}.Ad-Hoc|ARM.Deploy.0 = Release|ARM
		{E4EA27CD-1FD0-4F6C-AEDF-B17C1CDE58BC}.Ad-Hoc|iPhone.ActiveCfg = Release|x86
		{E4EA27CD-1FD0-4F6C-AEDF-B17C1CDE58BC}.Ad-Hoc|iPhone.Build.0 = Release|x86
		{E4EA27CD-1FD0-4F6C-AEDF-B17C1CDE58BC}.Ad-Hoc|iPhone.Deploy.0 = Release|x86
		{E4EA27CD-1FD0-4F6C-AEDF-B17C1CDE58BC}.Ad-Hoc|iPhoneSimulator.ActiveCfg = Release|x86
		{E4EA27CD-1FD0-4F6C-AEDF-B17C1CDE58BC}.Ad-Hoc|iPhoneSimulator.Build.0 = Release|x86
		{E4EA27CD-1FD0-4F6C-AEDF-B17C1CDE58BC}.Ad-Hoc|iPhoneSimulator.Deploy.0 = Release|x86
		{E4EA27CD-1FD0-4F6C-AEDF-B17C1CDE58BC}.Ad-Hoc|x64.ActiveCfg = Release|x64
		{E4EA27CD-1FD0-4F6C-AEDF-B17C1CDE58BC}.Ad-Hoc|x64.Build.0 = Release|x64
		{E4EA27CD-1FD0-4F6C-AEDF-B17C1CDE58BC}.Ad-Hoc|x64.Deploy.0 = Release|x64
		{E4EA27CD-1FD0-4F6C-AEDF-B17C1CDE58BC}.Ad-Hoc|x86.ActiveCfg = Release|x86
		{E4EA27CD-1FD0-4F6C-AEDF-B17C1CDE58BC}.Ad-Hoc|x86.Build.0 = Release|x86
		{E4EA27CD-1FD0-4F6C-AEDF-B17C1CDE58BC}.Ad-Hoc|x86.Deploy.0 = Release|x86
		{E4EA27CD-1FD0-4F6C-AEDF-B17C1CDE58BC}.AppStore|Any CPU.ActiveCfg = Release|x86
		{E4EA27CD-1FD0-4F6C-AEDF-B17C1CDE58BC}.AppStore|Any CPU.Build.0 = Release|x86
		{E4EA27CD-1FD0-4F6C-AEDF-B17C1CDE58BC}.AppStore|Any CPU.Deploy.0 = Release|x86
		{E4EA27CD-1FD0-4F6C-AEDF-B17C1CDE58BC}.AppStore|ARM.ActiveCfg = Release|ARM
		{E4EA27CD-1FD0-4F6C-AEDF-B17C1CDE58BC}.AppStore|ARM.Build.0 = Release|ARM
		{E4EA27CD-1FD0-4F6C-AEDF-B17C1CDE58BC}.AppStore|ARM.Deploy.0 = Release|ARM
		{E4EA27CD-1FD0-4F6C-AEDF-B17C1CDE58BC}.AppStore|iPhone.ActiveCfg = Release|x86
		{E4EA27CD-1FD0-4F6C-AEDF-B17C1CDE58BC}.AppStore|iPhone.Build.0 = Release|x86
		{E4EA27CD-1FD0-4F6C-AEDF-B17C1CDE58BC}.AppStore|iPhone.Deploy.0 = Release|x86
		{E4EA27CD-1FD0-4F6C-AEDF-B17C1CDE58BC}.AppStore|iPhoneSimulator.ActiveCfg = Release|x86
		{E4EA27CD-1FD0-4F6C-AEDF-B17C1CDE58BC}.AppStore|iPhoneSimulator.Build.0 = Release|x86
		{E4EA27CD-1FD0-4F6C-AEDF-B17C1CDE58BC}.AppStore|iPhoneSimulator.Deploy.0 = Release|x86
		{E4EA27CD-1FD0-4F6C-AEDF-B17C1CDE58BC}.AppStore|x64.ActiveCfg = Release|x64
		{E4EA27CD-1FD0-4F6C-AEDF-B17C1CDE58BC}.AppStore|x64.Build.0 = Release|x64
		{E4EA27CD-1FD0-4F6C-AEDF-B17C1CDE58BC}.AppStore|x64.Deploy.0 = Release|x64
		{E4EA27CD-1FD0-4F6C-AEDF-B17C1CDE58BC}.AppStore|x86.ActiveCfg = Release|x86
		{E4EA27CD-1FD0-4F6C-AEDF-B17C1CDE58BC}.AppStore|x86.Build.0 = Release|x86
		{E4EA27CD-1FD0-4F6C-AEDF-B17C1CDE58BC}.AppStore|x86.Deploy.0 = Release|x86
		{E4EA27CD-1FD0-4F6C-AEDF-B17C1CDE58BC}.Debug|Any CPU.ActiveCfg = Debug|x86
		{E4EA27CD-1FD0-4F6C-AEDF-B17C1CDE58BC}.Debug|Any CPU.Build.0 = Debug|x86
		{E4EA27CD-1FD0-4F6C-AEDF-B17C1CDE58BC}.Debug|Any CPU.Deploy.0 = Debug|x86
		{E4EA27CD-1FD0-4F6C-AEDF-B17C1CDE58BC}.Debug|ARM.ActiveCfg = Debug|ARM
		{E4EA27CD-1FD0-4F6C-AEDF-B17C1CDE58BC}.Debug|ARM.Build.0 = Debug|ARM
		{E4EA27CD-1FD0-4F6C-AEDF-B17C1CDE58BC}.Debug|ARM.Deploy.0 = Debug|ARM
		{E4EA27CD-1FD0-4F6C-AEDF-B17C1CDE58BC}.Debug|iPhone.ActiveCfg = Debug|x86
		{E4EA27CD-1FD0-4F6C-AEDF-B17C1CDE58BC}.Debug|iPhone.Build.0 = Debug|x86
		{E4EA27CD-1FD0-4F6C-AEDF-B17C1CDE58BC}.Debug|iPhone.Deploy.0 = Debug|x86
		{E4EA27CD-1FD0-4F6C-AEDF-B17C1CDE58BC}.Debug|iPhoneSimulator.ActiveCfg = Debug|x86
		{E4EA27CD-1FD0-4F6C-AEDF-B17C1CDE58BC}.Debug|iPhoneSimulator.Build.0 = Debug|x86
		{E4EA27CD-1FD0-4F6C-AEDF-B17C1CDE58BC}.Debug|iPhoneSimulator.Deploy.0 = Debug|x86
		{E4EA27CD-1FD0-4F6C-AEDF-B17C1CDE58BC}.Debug|x64.ActiveCfg = Debug|x64
		{E4EA27CD-1FD0-4F6C-AEDF-B17C1CDE58BC}.Debug|x64.Build.0 = Debug|x64
		{E4EA27CD-1FD0-4F6C-AEDF-B17C1CDE58BC}.Debug|x64.Deploy.0 = Debug|x64
		{E4EA27CD-1FD0-4F6C-AEDF-B17C1CDE58BC}.Debug|x86.ActiveCfg = Debug|x86
		{E4EA27CD-1FD0-4F6C-AEDF-B17C1CDE58BC}.Debug|x86.Build.0 = Debug|x86
		{E4EA27CD-1FD0-4F6C-AEDF-B17C1CDE58BC}.Debug|x86.Deploy.0 = Debug|x86
		{E4EA27CD-1FD0-4F6C-AEDF-B17C1CDE58BC}.Release|Any CPU.ActiveCfg = Release|x86
		{E4EA27CD-1FD0-4F6C-AEDF-B17C1CDE58BC}.Release|Any CPU.Build.0 = Release|x86
		{E4EA27CD-1FD0-4F6C-AEDF-B17C1CDE58BC}.Release|Any CPU.Deploy.0 = Release|x86
		{E4EA27CD-1FD0-4F6C-AEDF-B17C1CDE58BC}.Release|ARM.ActiveCfg = Release|ARM
		{E4EA27CD-1FD0-4F6C-AEDF-B17C1CDE58BC}.Release|ARM.Build.0 = Release|ARM
		{E4EA27CD-1FD0-4F6C-AEDF-B17C1CDE58BC}.Release|ARM.Deploy.0 = Release|ARM
		{E4EA27CD-1FD0-4F6C-AEDF-B17C1CDE58BC}.Release|iPhone.ActiveCfg = Release|x86
		{E4EA27CD-1FD0-4F6C-AEDF-B17C1CDE58BC}.Release|iPhone.Build.0 = Release|x86
		{E4EA27CD-1FD0-4F6C-AEDF-B17C1CDE58BC}.Release|iPhone.Deploy.0 = Release|x86
		{E4EA27CD-1FD0-4F6C-AEDF-B17C1CDE58BC}.Release|iPhoneSimulator.ActiveCfg = Release|x86
		{E4EA27CD-1FD0-4F6C-AEDF-B17C1CDE58BC}.Release|iPhoneSimulator.Build.0 = Release|x86
		{E4EA27CD-1FD0-4F6C-AEDF-B17C1CDE58BC}.Release|iPhoneSimulator.Deploy.0 = Release|x86
		{E4EA27CD-1FD0-4F6C-AEDF-B17C1CDE58BC}.Release|x64.ActiveCfg = Release|x64
		{E4EA27CD-1FD0-4F6C-AEDF-B17C1CDE58BC}.Release|x64.Build.0 = Release|x64
		{E4EA27CD-1FD0-4F6C-AEDF-B17C1CDE58BC}.Release|x64.Deploy.0 = Release|x64
		{E4EA27CD-1FD0-4F6C-AEDF-B17C1CDE58BC}.Release|x86.ActiveCfg = Release|x86
		{E4EA27CD-1FD0-4F6C-AEDF-B17C1CDE58BC}.Release|x86.Build.0 = Release|x86
		{E4EA27CD-1FD0-4F6C-AEDF-B17C1CDE58BC}.Release|x86.Deploy.0 = Release|x86
		{7780661E-7DBF-48EC-BB65-F5FEE420F8EC}.Ad-Hoc|Any CPU.ActiveCfg = Debug|Any CPU
		{7780661E-7DBF-48EC-BB65-F5FEE420F8EC}.Ad-Hoc|Any CPU.Build.0 = Debug|Any CPU
		{7780661E-7DBF-48EC-BB65-F5FEE420F8EC}.Ad-Hoc|Any CPU.Deploy.0 = Debug|Any CPU
		{7780661E-7DBF-48EC-BB65-F5FEE420F8EC}.Ad-Hoc|ARM.ActiveCfg = Debug|Any CPU
		{7780661E-7DBF-48EC-BB65-F5FEE420F8EC}.Ad-Hoc|ARM.Build.0 = Debug|Any CPU
		{7780661E-7DBF-48EC-BB65-F5FEE420F8EC}.Ad-Hoc|ARM.Deploy.0 = Debug|Any CPU
		{7780661E-7DBF-48EC-BB65-F5FEE420F8EC}.Ad-Hoc|iPhone.ActiveCfg = Debug|Any CPU
		{7780661E-7DBF-48EC-BB65-F5FEE420F8EC}.Ad-Hoc|iPhone.Build.0 = Debug|Any CPU
		{7780661E-7DBF-48EC-BB65-F5FEE420F8EC}.Ad-Hoc|iPhone.Deploy.0 = Debug|Any CPU
		{7780661E-7DBF-48EC-BB65-F5FEE420F8EC}.Ad-Hoc|iPhoneSimulator.ActiveCfg = Debug|Any CPU
		{7780661E-7DBF-48EC-BB65-F5FEE420F8EC}.Ad-Hoc|iPhoneSimulator.Build.0 = Debug|Any CPU
		{7780661E-7DBF-48EC-BB65-F5FEE420F8EC}.Ad-Hoc|iPhoneSimulator.Deploy.0 = Debug|Any CPU
		{7780661E-7DBF-48EC-BB65-F5FEE420F8EC}.Ad-Hoc|x64.ActiveCfg = Debug|Any CPU
		{7780661E-7DBF-48EC-BB65-F5FEE420F8EC}.Ad-Hoc|x64.Build.0 = Debug|Any CPU
		{7780661E-7DBF-48EC-BB65-F5FEE420F8EC}.Ad-Hoc|x64.Deploy.0 = Debug|Any CPU
		{7780661E-7DBF-48EC-BB65-F5FEE420F8EC}.Ad-Hoc|x86.ActiveCfg = Debug|Any CPU
		{7780661E-7DBF-48EC-BB65-F5FEE420F8EC}.Ad-Hoc|x86.Build.0 = Debug|Any CPU
		{7780661E-7DBF-48EC-BB65-F5FEE420F8EC}.Ad-Hoc|x86.Deploy.0 = Debug|Any CPU
		{7780661E-7DBF-48EC-BB65-F5FEE420F8EC}.AppStore|Any CPU.ActiveCfg = Debug|Any CPU
		{7780661E-7DBF-48EC-BB65-F5FEE420F8EC}.AppStore|Any CPU.Build.0 = Debug|Any CPU
		{7780661E-7DBF-48EC-BB65-F5FEE420F8EC}.AppStore|Any CPU.Deploy.0 = Debug|Any CPU
		{7780661E-7DBF-48EC-BB65-F5FEE420F8EC}.AppStore|ARM.ActiveCfg = Debug|Any CPU
		{7780661E-7DBF-48EC-BB65-F5FEE420F8EC}.AppStore|ARM.Build.0 = Debug|Any CPU
		{7780661E-7DBF-48EC-BB65-F5FEE420F8EC}.AppStore|ARM.Deploy.0 = Debug|Any CPU
		{7780661E-7DBF-48EC-BB65-F5FEE420F8EC}.AppStore|iPhone.ActiveCfg = Debug|Any CPU
		{7780661E-7DBF-48EC-BB65-F5FEE420F8EC}.AppStore|iPhone.Build.0 = Debug|Any CPU
		{7780661E-7DBF-48EC-BB65-F5FEE420F8EC}.AppStore|iPhone.Deploy.0 = Debug|Any CPU
		{7780661E-7DBF-48EC-BB65-F5FEE420F8EC}.AppStore|iPhoneSimulator.ActiveCfg = Debug|Any CPU
		{7780661E-7DBF-48EC-BB65-F5FEE420F8EC}.AppStore|iPhoneSimulator.Build.0 = Debug|Any CPU
		{7780661E-7DBF-48EC-BB65-F5FEE420F8EC}.AppStore|iPhoneSimulator.Deploy.0 = Debug|Any CPU
		{7780661E-7DBF-48EC-BB65-F5FEE420F8EC}.AppStore|x64.ActiveCfg = Debug|Any CPU
		{7780661E-7DBF-48EC-BB65-F5FEE420F8EC}.AppStore|x64.Build.0 = Debug|Any CPU
		{7780661E-7DBF-48EC-BB65-F5FEE420F8EC}.AppStore|x64.Deploy.0 = Debug|Any CPU
		{7780661E-7DBF-48EC-BB65-F5FEE420F8EC}.AppStore|x86.ActiveCfg = Debug|Any CPU
		{7780661E-7DBF-48EC-BB65-F5FEE420F8EC}.AppStore|x86.Build.0 = Debug|Any CPU
		{7780661E-7DBF-48EC-BB65-F5FEE420F8EC}.AppStore|x86.Deploy.0 = Debug|Any CPU
		{7780661E-7DBF-48EC-BB65-F5FEE420F8EC}.Debug|Any CPU.ActiveCfg = Debug|Any CPU
		{7780661E-7DBF-48EC-BB65-F5FEE420F8EC}.Debug|Any CPU.Build.0 = Debug|Any CPU
		{7780661E-7DBF-48EC-BB65-F5FEE420F8EC}.Debug|Any CPU.Deploy.0 = Debug|Any CPU
		{7780661E-7DBF-48EC-BB65-F5FEE420F8EC}.Debug|ARM.ActiveCfg = Debug|Any CPU
		{7780661E-7DBF-48EC-BB65-F5FEE420F8EC}.Debug|ARM.Build.0 = Debug|Any CPU
		{7780661E-7DBF-48EC-BB65-F5FEE420F8EC}.Debug|ARM.Deploy.0 = Debug|Any CPU
		{7780661E-7DBF-48EC-BB65-F5FEE420F8EC}.Debug|iPhone.ActiveCfg = Debug|Any CPU
		{7780661E-7DBF-48EC-BB65-F5FEE420F8EC}.Debug|iPhone.Build.0 = Debug|Any CPU
		{7780661E-7DBF-48EC-BB65-F5FEE420F8EC}.Debug|iPhone.Deploy.0 = Debug|Any CPU
		{7780661E-7DBF-48EC-BB65-F5FEE420F8EC}.Debug|iPhoneSimulator.ActiveCfg = Debug|Any CPU
		{7780661E-7DBF-48EC-BB65-F5FEE420F8EC}.Debug|iPhoneSimulator.Build.0 = Debug|Any CPU
		{7780661E-7DBF-48EC-BB65-F5FEE420F8EC}.Debug|iPhoneSimulator.Deploy.0 = Debug|Any CPU
		{7780661E-7DBF-48EC-BB65-F5FEE420F8EC}.Debug|x64.ActiveCfg = Debug|Any CPU
		{7780661E-7DBF-48EC-BB65-F5FEE420F8EC}.Debug|x64.Build.0 = Debug|Any CPU
		{7780661E-7DBF-48EC-BB65-F5FEE420F8EC}.Debug|x64.Deploy.0 = Debug|Any CPU
		{7780661E-7DBF-48EC-BB65-F5FEE420F8EC}.Debug|x86.ActiveCfg = Debug|Any CPU
		{7780661E-7DBF-48EC-BB65-F5FEE420F8EC}.Debug|x86.Build.0 = Debug|Any CPU
		{7780661E-7DBF-48EC-BB65-F5FEE420F8EC}.Debug|x86.Deploy.0 = Debug|Any CPU
		{7780661E-7DBF-48EC-BB65-F5FEE420F8EC}.Release|Any CPU.ActiveCfg = Release|Any CPU
		{7780661E-7DBF-48EC-BB65-F5FEE420F8EC}.Release|Any CPU.Build.0 = Release|Any CPU
		{7780661E-7DBF-48EC-BB65-F5FEE420F8EC}.Release|Any CPU.Deploy.0 = Release|Any CPU
		{7780661E-7DBF-48EC-BB65-F5FEE420F8EC}.Release|ARM.ActiveCfg = Release|Any CPU
		{7780661E-7DBF-48EC-BB65-F5FEE420F8EC}.Release|ARM.Build.0 = Release|Any CPU
		{7780661E-7DBF-48EC-BB65-F5FEE420F8EC}.Release|ARM.Deploy.0 = Release|Any CPU
		{7780661E-7DBF-48EC-BB65-F5FEE420F8EC}.Release|iPhone.ActiveCfg = Release|Any CPU
		{7780661E-7DBF-48EC-BB65-F5FEE420F8EC}.Release|iPhone.Build.0 = Release|Any CPU
		{7780661E-7DBF-48EC-BB65-F5FEE420F8EC}.Release|iPhone.Deploy.0 = Release|Any CPU
		{7780661E-7DBF-48EC-BB65-F5FEE420F8EC}.Release|iPhoneSimulator.ActiveCfg = Release|Any CPU
		{7780661E-7DBF-48EC-BB65-F5FEE420F8EC}.Release|iPhoneSimulator.Build.0 = Release|Any CPU
		{7780661E-7DBF-48EC-BB65-F5FEE420F8EC}.Release|iPhoneSimulator.Deploy.0 = Release|Any CPU
		{7780661E-7DBF-48EC-BB65-F5FEE420F8EC}.Release|x64.ActiveCfg = Release|Any CPU
		{7780661E-7DBF-48EC-BB65-F5FEE420F8EC}.Release|x64.Build.0 = Release|Any CPU
		{7780661E-7DBF-48EC-BB65-F5FEE420F8EC}.Release|x64.Deploy.0 = Release|Any CPU
		{7780661E-7DBF-48EC-BB65-F5FEE420F8EC}.Release|x86.ActiveCfg = Release|Any CPU
		{7780661E-7DBF-48EC-BB65-F5FEE420F8EC}.Release|x86.Build.0 = Release|Any CPU
		{7780661E-7DBF-48EC-BB65-F5FEE420F8EC}.Release|x86.Deploy.0 = Release|Any CPU
	EndGlobalSection
	GlobalSection(SolutionProperties) = preSolution
		HideSolutionNode = FALSE
	EndGlobalSection
	GlobalSection(ExtensibilityGlobals) = postSolution
		SolutionGuid = {53197EB3-2567-453F-A635-F067EDBCC9D6}
	EndGlobalSection
EndGlobal
